{
  "nodes": {
    "aagl": {
      "inputs": {
        "flake-compat": "flake-compat",
        "nixpkgs": [
          "nixpkgs"
        ],
        "rust-overlay": "rust-overlay"
      },
      "locked": {
        "lastModified": 1753980999,
        "narHash": "sha256-ZRAHKUpth0uETeeoq9urCZgwvofHwxIuwsxqPWxvrpw=",
        "owner": "ezKEa",
        "repo": "aagl-gtk-on-nix",
        "rev": "3699a592400f13aa5d9b025f120bc512b89d341f",
        "type": "github"
      },
      "original": {
        "owner": "ezKEa",
        "repo": "aagl-gtk-on-nix",
        "type": "github"
      }
    },
    "chaotic": {
      "inputs": {
        "flake-schemas": "flake-schemas",
        "home-manager": "home-manager",
        "jovian": "jovian",
        "nixpkgs": "nixpkgs_2",
        "rust-overlay": "rust-overlay_2"
      },
      "locked": {
        "lastModified": 1754513816,
        "narHash": "sha256-wtJZna/pwROrTJr557IW0io1XEmnYpoQqIVWRx1RQLg=",
        "owner": "chaotic-cx",
        "repo": "nyx",
        "rev": "6fb7019490f6f996c791c57f3711ad514a5570d8",
        "type": "github"
      },
      "original": {
        "owner": "chaotic-cx",
        "ref": "nyxpkgs-unstable",
        "repo": "nyx",
        "type": "github"
      }
    },
    "flake-compat": {
      "flake": false,
      "locked": {
        "lastModified": 1747046372,
        "narHash": "sha256-CIVLLkVgvHYbgI2UpXvIIBJ12HWgX+fjA8Xf8PUmqCY=",
        "owner": "edolstra",
        "repo": "flake-compat",
        "rev": "9100a0f413b0c601e0533d1d94ffd501ce2e7885",
        "type": "github"
      },
      "original": {
        "owner": "edolstra",
        "repo": "flake-compat",
        "type": "github"
      }
    },
    "flake-compat_2": {
      "flake": false,
      "locked": {
        "lastModified": 1746162366,
        "narHash": "sha256-5SSSZ/oQkwfcAz/o/6TlejlVGqeK08wyREBQ5qFFPhM=",
        "owner": "nix-community",
        "repo": "flake-compat",
        "rev": "0f158086a2ecdbb138cd0429410e44994f1b7e4b",
        "type": "github"
      },
      "original": {
        "owner": "nix-community",
        "repo": "flake-compat",
        "type": "github"
      }
    },
    "flake-schemas": {
      "locked": {
        "lastModified": 1721999734,
        "narHash": "sha256-G5CxYeJVm4lcEtaO87LKzOsVnWeTcHGKbKxNamNWgOw=",
        "rev": "0a5c42297d870156d9c57d8f99e476b738dcd982",
        "revCount": 75,
        "type": "tarball",
        "url": "https://api.flakehub.com/f/pinned/DeterminateSystems/flake-schemas/0.1.5/0190ef2f-61e0-794b-ba14-e82f225e55e6/source.tar.gz"
      },
      "original": {
        "type": "tarball",
        "url": "https://flakehub.com/f/DeterminateSystems/flake-schemas/%3D0.1.5.tar.gz"
      }
    },
    "home-manager": {
      "inputs": {
        "nixpkgs": [
          "chaotic",
          "nixpkgs"
        ]
      },
      "locked": {
        "lastModified": 1754457347,
        "narHash": "sha256-QN9yZ1L5EmR16NNM+hNNzMjARk+FPjUeSE/ds4Kms0E=",
        "owner": "nix-community",
        "repo": "home-manager",
        "rev": "ad5d2b4aa770fdc74c80fd682fee0b00a8ad7991",
        "type": "github"
      },
      "original": {
        "owner": "nix-community",
        "repo": "home-manager",
        "type": "github"
      }
    },
    "home-manager_2": {
      "inputs": {
        "nixpkgs": [
          "nixpkgs"
        ]
      },
      "locked": {
        "lastModified": 1754503522,
        "narHash": "sha256-V0iiDcYvNeMOP2FyfgC4H8Esx+JodXEl80lD4hFD4SI=",
        "owner": "nix-community",
        "repo": "home-manager",
        "rev": "13461dec40bf03d9196ff79d1abe48408268cc35",
        "type": "github"
      },
      "original": {
        "owner": "nix-community",
        "repo": "home-manager",
        "type": "github"
      }
    },
    "jovian": {
      "inputs": {
        "nix-github-actions": "nix-github-actions",
        "nixpkgs": [
          "chaotic",
          "nixpkgs"
        ]
      },
      "locked": {
        "lastModified": 1754110197,
        "narHash": "sha256-N7GWK2084EsNdwzwg6FCIgMrSau1WwzxGSNdPHx5Tak=",
        "owner": "Jovian-Experiments",
        "repo": "Jovian-NixOS",
        "rev": "04ce5c103eb621220d69102bc0ee27c3abd89204",
        "type": "github"
      },
      "original": {
        "owner": "Jovian-Experiments",
        "repo": "Jovian-NixOS",
        "type": "github"
      }
    },
    "nix-github-actions": {
      "inputs": {
        "nixpkgs": [
          "chaotic",
          "jovian",
          "nixpkgs"
        ]
      },
      "locked": {
        "lastModified": 1729697500,
        "narHash": "sha256-VFTWrbzDlZyFHHb1AlKRiD/qqCJIripXKiCSFS8fAOY=",
        "owner": "zhaofengli",
        "repo": "nix-github-actions",
        "rev": "e418aeb728b6aa5ca8c5c71974e7159c2df1d8cf",
        "type": "github"
      },
      "original": {
        "owner": "zhaofengli",
        "ref": "matrix-name",
        "repo": "nix-github-actions",
        "type": "github"
      }
    },
    "nixpkgs": {
      "locked": {
        "lastModified": 1744536153,
        "narHash": "sha256-awS2zRgF4uTwrOKwwiJcByDzDOdo3Q1rPZbiHQg/N38=",
        "owner": "NixOS",
        "repo": "nixpkgs",
        "rev": "18dd725c29603f582cf1900e0d25f9f1063dbf11",
        "type": "github"
      },
      "original": {
        "owner": "NixOS",
        "ref": "nixpkgs-unstable",
        "repo": "nixpkgs",
        "type": "github"
      }
    },
    "nixpkgs_2": {
      "locked": {
        "lastModified": 1754214453,
        "narHash": "sha256-Q/I2xJn/j1wpkGhWkQnm20nShYnG7TI99foDBpXm1SY=",
        "owner": "NixOS",
        "repo": "nixpkgs",
        "rev": "5b09dc45f24cf32316283e62aec81ffee3c3e376",
        "type": "github"
      },
      "original": {
        "owner": "NixOS",
        "ref": "nixos-unstable",
        "repo": "nixpkgs",
        "type": "github"
      }
    },
    "nixpkgs_3": {
      "locked": {
        "lastModified": 1754214453,
        "narHash": "sha256-Q/I2xJn/j1wpkGhWkQnm20nShYnG7TI99foDBpXm1SY=",
        "owner": "nixos",
        "repo": "nixpkgs",
        "rev": "5b09dc45f24cf32316283e62aec81ffee3c3e376",
        "type": "github"
      },
      "original": {
        "owner": "nixos",
        "ref": "nixos-unstable",
        "repo": "nixpkgs",
        "type": "github"
      }
    },
    "root": {
      "inputs": {
        "aagl": "aagl",
        "chaotic": "chaotic",
        "flake-compat": "flake-compat_2",
        "home-manager": "home-manager_2",
        "nixpkgs": "nixpkgs_3",
        "rust-overlay": "rust-overlay_3"
      }
    },
    "rust-overlay": {
      "inputs": {
        "nixpkgs": "nixpkgs"
      },
      "locked": {
        "lastModified": 1753757591,
        "narHash": "sha256-3okLvry8fRWZhJZP75pPC9P6U1dcu84VOCPhPLXYozI=",
        "owner": "oxalica",
        "repo": "rust-overlay",
        "rev": "b372cf71b4125d420d7648cbd898ab8f5c355be2",
        "type": "github"
      },
      "original": {
        "owner": "oxalica",
        "repo": "rust-overlay",
        "type": "github"
      }
    },
    "rust-overlay_2": {
      "inputs": {
        "nixpkgs": [
          "chaotic",
          "nixpkgs"
        ]
      },
      "locked": {
        "lastModified": 1754448563,
        "narHash": "sha256-JdgvzorJa4h2RSjIUj+rEYDCdQl1ubqoS8WebYJjQ2s=",
        "owner": "oxalica",
        "repo": "rust-overlay",
        "rev": "1bee06db858d83014983af40e9d1cfca96c32f7f",
        "type": "github"
      },
      "original": {
        "owner": "oxalica",
        "repo": "rust-overlay",
        "type": "github"
      }
    },
    "rust-overlay_3": {
      "inputs": {
        "nixpkgs": [
          "nixpkgs"
        ]
      },
      "locked": {
        "lastModified": 1754448563,
        "narHash": "sha256-JdgvzorJa4h2RSjIUj+rEYDCdQl1ubqoS8WebYJjQ2s=",
        "owner": "oxalica",
        "repo": "rust-overlay",
        "rev": "1bee06db858d83014983af40e9d1cfca96c32f7f",
        "type": "github"
      },
      "original": {
        "owner": "oxalica",
        "repo": "rust-overlay",
        "type": "github"
      }
    }
  },
  "root": "root",
  "version": 7
}
